
Microsoft Visual Studio Solution File, Format Version 12.00
# Visual Studio Version 17
VisualStudioVersion = 17.5.33516.290
MinimumVisualStudioVersion = 10.0.40219.1
Project("{FAE04EC0-301F-11D3-BF4B-00C04F79EFBC}") = "Oblique-shocker", "Oblique-shocker.csproj", "{062BBEFB-9903-4225-BA91-3514DD389200}"
EndProject
Global
	GlobalSection(SolutionConfigurationPlatforms) = preSolution
		Debug|Any CPU = Debug|Any CPU
		Release|Any CPU = Release|Any CPU
	EndGlobalSection
	GlobalSection(ProjectConfigurationPlatforms) = postSolution
		{062BBEFB-9903-4225-BA91-3514DD389200}.Debug|Any CPU.ActiveCfg = Debug|Any CPU
		{062BBEFB-9903-4225-BA91-3514DD389200}.Debug|Any CPU.Build.0 = Debug|Any CPU
		{062BBEFB-9903-4225-BA91-3514DD389200}.Release|Any CPU.ActiveCfg = Release|Any CPU
		{062BBEFB-9903-4225-BA91-3514DD389200}.Release|Any CPU.Build.0 = Release|Any CPU
	EndGlobalSection
	GlobalSection(SolutionProperties) = preSolution
		HideSolutionNode = FALSE
	EndGlobalSection
	GlobalSection(ExtensibilityGlobals) = postSolution
		SolutionGuid = {89EE42DE-225D-4BFB-8E18-CD4A92E6F6E2}
	EndGlobalSection
EndGlobal
